
Microsoft Visual Studio Solution File, Format Version 12.00
# Visual Studio Version 16
VisualStudioVersion = 16.0.30114.105
MinimumVisualStudioVersion = 10.0.40219.1
Project("{FAE04EC0-301F-11D3-BF4B-00C04F79EFBC}") = "ByteBank.SistemaAgencia", "ByteBank.SistemaAgencia\ByteBank.SistemaAgencia.csproj", "{C539D1DF-5DE7-4FD8-8F0C-B1C5D1DBCE5D}"
EndProject
Project("{FAE04EC0-301F-11D3-BF4B-00C04F79EFBC}") = "ByteBank.Modelos", "ByteBank.Modelos\ByteBank.Modelos.csproj", "{FC064C05-49CA-4DCB-AA20-71056CB718A2}"
EndProject
Global
	GlobalSection(SolutionConfigurationPlatforms) = preSolution
		Debug|Any CPU = Debug|Any CPU
		Debug|x64 = Debug|x64
		Debug|x86 = Debug|x86
		Release|Any CPU = Release|Any CPU
		Release|x64 = Release|x64
		Release|x86 = Release|x86
	EndGlobalSection
	GlobalSection(SolutionProperties) = preSolution
		HideSolutionNode = FALSE
	EndGlobalSection
	GlobalSection(ProjectConfigurationPlatforms) = postSolution
		{C539D1DF-5DE7-4FD8-8F0C-B1C5D1DBCE5D}.Debug|Any CPU.ActiveCfg = Debug|Any CPU
		{C539D1DF-5DE7-4FD8-8F0C-B1C5D1DBCE5D}.Debug|Any CPU.Build.0 = Debug|Any CPU
		{C539D1DF-5DE7-4FD8-8F0C-B1C5D1DBCE5D}.Debug|x64.ActiveCfg = Debug|Any CPU
		{C539D1DF-5DE7-4FD8-8F0C-B1C5D1DBCE5D}.Debug|x64.Build.0 = Debug|Any CPU
		{C539D1DF-5DE7-4FD8-8F0C-B1C5D1DBCE5D}.Debug|x86.ActiveCfg = Debug|Any CPU
		{C539D1DF-5DE7-4FD8-8F0C-B1C5D1DBCE5D}.Debug|x86.Build.0 = Debug|Any CPU
		{C539D1DF-5DE7-4FD8-8F0C-B1C5D1DBCE5D}.Release|Any CPU.ActiveCfg = Release|Any CPU
		{C539D1DF-5DE7-4FD8-8F0C-B1C5D1DBCE5D}.Release|Any CPU.Build.0 = Release|Any CPU
		{C539D1DF-5DE7-4FD8-8F0C-B1C5D1DBCE5D}.Release|x64.ActiveCfg = Release|Any CPU
		{C539D1DF-5DE7-4FD8-8F0C-B1C5D1DBCE5D}.Release|x64.Build.0 = Release|Any CPU
		{C539D1DF-5DE7-4FD8-8F0C-B1C5D1DBCE5D}.Release|x86.ActiveCfg = Release|Any CPU
		{C539D1DF-5DE7-4FD8-8F0C-B1C5D1DBCE5D}.Release|x86.Build.0 = Release|Any CPU
		{FC064C05-49CA-4DCB-AA20-71056CB718A2}.Debug|Any CPU.ActiveCfg = Debug|Any CPU
		{FC064C05-49CA-4DCB-AA20-71056CB718A2}.Debug|Any CPU.Build.0 = Debug|Any CPU
		{FC064C05-49CA-4DCB-AA20-71056CB718A2}.Debug|x64.ActiveCfg = Debug|Any CPU
		{FC064C05-49CA-4DCB-AA20-71056CB718A2}.Debug|x64.Build.0 = Debug|Any CPU
		{FC064C05-49CA-4DCB-AA20-71056CB718A2}.Debug|x86.ActiveCfg = Debug|Any CPU
		{FC064C05-49CA-4DCB-AA20-71056CB718A2}.Debug|x86.Build.0 = Debug|Any CPU
		{FC064C05-49CA-4DCB-AA20-71056CB718A2}.Release|Any CPU.ActiveCfg = Release|Any CPU
		{FC064C05-49CA-4DCB-AA20-71056CB718A2}.Release|Any CPU.Build.0 = Release|Any CPU
		{FC064C05-49CA-4DCB-AA20-71056CB718A2}.Release|x64.ActiveCfg = Release|Any CPU
		{FC064C05-49CA-4DCB-AA20-71056CB718A2}.Release|x64.Build.0 = Release|Any CPU
		{FC064C05-49CA-4DCB-AA20-71056CB718A2}.Release|x86.ActiveCfg = Release|Any CPU
		{FC064C05-49CA-4DCB-AA20-71056CB718A2}.Release|x86.Build.0 = Release|Any CPU
	EndGlobalSection
EndGlobal
